
Microsoft Visual Studio Solution File, Format Version 12.00
# Visual Studio Version 16
VisualStudioVersion = 16.0.31729.503
MinimumVisualStudioVersion = 10.0.40219.1
Project("{FAE04EC0-301F-11D3-BF4B-00C04F79EFBC}") = "HesapMakinesi3_if_komutu", "HesapMakinesi3_if_komutu\HesapMakinesi3_if_komutu.csproj", "{CDEEE1DD-8B4C-4D45-BB89-63654AF4BC4D}"
EndProject
Global
	GlobalSection(SolutionConfigurationPlatforms) = preSolution
		Debug|Any CPU = Debug|Any CPU
		Release|Any CPU = Release|Any CPU
	EndGlobalSection
	GlobalSection(ProjectConfigurationPlatforms) = postSolution
		{CDEEE1DD-8B4C-4D45-BB89-63654AF4BC4D}.Debug|Any CPU.ActiveCfg = Debug|Any CPU
		{CDEEE1DD-8B4C-4D45-BB89-63654AF4BC4D}.Debug|Any CPU.Build.0 = Debug|Any CPU
		{CDEEE1DD-8B4C-4D45-BB89-63654AF4BC4D}.Release|Any CPU.ActiveCfg = Release|Any CPU
		{CDEEE1DD-8B4C-4D45-BB89-63654AF4BC4D}.Release|Any CPU.Build.0 = Release|Any CPU
	EndGlobalSection
	GlobalSection(SolutionProperties) = preSolution
		HideSolutionNode = FALSE
	EndGlobalSection
	GlobalSection(ExtensibilityGlobals) = postSolution
		SolutionGuid = {F3562FF5-C2A7-4130-9E7D-9F7705C25EF8}
	EndGlobalSection
EndGlobal
