
Microsoft Visual Studio Solution File, Format Version 12.00
# Visual Studio Version 16
VisualStudioVersion = 16.0.31729.503
MinimumVisualStudioVersion = 10.0.40219.1
Project("{FAE04EC0-301F-11D3-BF4B-00C04F79EFBC}") = "Binom_Olasılıgı", "Binom_Olasılıgı\Binom_Olasılıgı.csproj", "{86E2F942-A53D-43FC-90B2-5B565236F284}"
EndProject
Global
	GlobalSection(SolutionConfigurationPlatforms) = preSolution
		Debug|Any CPU = Debug|Any CPU
		Release|Any CPU = Release|Any CPU
	EndGlobalSection
	GlobalSection(ProjectConfigurationPlatforms) = postSolution
		{86E2F942-A53D-43FC-90B2-5B565236F284}.Debug|Any CPU.ActiveCfg = Debug|Any CPU
		{86E2F942-A53D-43FC-90B2-5B565236F284}.Debug|Any CPU.Build.0 = Debug|Any CPU
		{86E2F942-A53D-43FC-90B2-5B565236F284}.Release|Any CPU.ActiveCfg = Release|Any CPU
		{86E2F942-A53D-43FC-90B2-5B565236F284}.Release|Any CPU.Build.0 = Release|Any CPU
	EndGlobalSection
	GlobalSection(SolutionProperties) = preSolution
		HideSolutionNode = FALSE
	EndGlobalSection
	GlobalSection(ExtensibilityGlobals) = postSolution
		SolutionGuid = {3AD04DBC-67D8-4150-A72B-488E0C3BF064}
	EndGlobalSection
EndGlobal
