
Microsoft Visual Studio Solution File, Format Version 12.00
# Visual Studio Version 16
VisualStudioVersion = 16.0.31729.503
MinimumVisualStudioVersion = 10.0.40219.1
Project("{FAE04EC0-301F-11D3-BF4B-00C04F79EFBC}") = "Hesap_Makinesi", "Hesap_Makinesi\Hesap_Makinesi.csproj", "{46A6F0EB-5FA0-4BC5-979D-C9E97357680E}"
EndProject
Global
	GlobalSection(SolutionConfigurationPlatforms) = preSolution
		Debug|Any CPU = Debug|Any CPU
		Release|Any CPU = Release|Any CPU
	EndGlobalSection
	GlobalSection(ProjectConfigurationPlatforms) = postSolution
		{46A6F0EB-5FA0-4BC5-979D-C9E97357680E}.Debug|Any CPU.ActiveCfg = Debug|Any CPU
		{46A6F0EB-5FA0-4BC5-979D-C9E97357680E}.Debug|Any CPU.Build.0 = Debug|Any CPU
		{46A6F0EB-5FA0-4BC5-979D-C9E97357680E}.Release|Any CPU.ActiveCfg = Release|Any CPU
		{46A6F0EB-5FA0-4BC5-979D-C9E97357680E}.Release|Any CPU.Build.0 = Release|Any CPU
	EndGlobalSection
	GlobalSection(SolutionProperties) = preSolution
		HideSolutionNode = FALSE
	EndGlobalSection
	GlobalSection(ExtensibilityGlobals) = postSolution
		SolutionGuid = {32413685-6A79-49C5-9146-3FB19D1372D7}
	EndGlobalSection
EndGlobal
